
Microsoft Visual Studio Solution File, Format Version 12.00
# Visual Studio Version 16
VisualStudioVersion = 16.0.31019.35
MinimumVisualStudioVersion = 10.0.40219.1
Project("{FAE04EC0-301F-11D3-BF4B-00C04F79EFBC}") = "HelloWorld", "HelloWorld\HelloWorld.csproj", "{AC51EE08-C06B-4012-84BD-FB64CD8B2D11}"
EndProject
Global
	GlobalSection(SolutionConfigurationPlatforms) = preSolution
		Debug|Any CPU = Debug|Any CPU
		Release|Any CPU = Release|Any CPU
	EndGlobalSection
	GlobalSection(ProjectConfigurationPlatforms) = postSolution
		{AC51EE08-C06B-4012-84BD-FB64CD8B2D11}.Debug|Any CPU.ActiveCfg = Debug|Any CPU
		{AC51EE08-C06B-4012-84BD-FB64CD8B2D11}.Debug|Any CPU.Build.0 = Debug|Any CPU
		{AC51EE08-C06B-4012-84BD-FB64CD8B2D11}.Release|Any CPU.ActiveCfg = Release|Any CPU
		{AC51EE08-C06B-4012-84BD-FB64CD8B2D11}.Release|Any CPU.Build.0 = Release|Any CPU
	EndGlobalSection
	GlobalSection(SolutionProperties) = preSolution
		HideSolutionNode = FALSE
	EndGlobalSection
	GlobalSection(ExtensibilityGlobals) = postSolution
		SolutionGuid = {1580BAAF-6337-4320-9E5D-14A1EDD09342}
	EndGlobalSection
EndGlobal
